
Microsoft Visual Studio Solution File, Format Version 12.00
# Visual Studio 14
VisualStudioVersion = 14.0.25420.1
MinimumVisualStudioVersion = 10.0.40219.1
Project("{FAE04EC0-301F-11D3-BF4B-00C04F79EFBC}") = "ConsoleApplication1", "ConsoleApplication1\ConsoleApplication1.csproj", "{52DC83C4-8938-4643-8608-5B27093A14D9}"
EndProject
Project("{FAE04EC0-301F-11D3-BF4B-00C04F79EFBC}") = "SimpleFactory", "SimpleFactory\SimpleFactory.csproj", "{5973A22F-E3E2-41CD-90C2-5BEBA8B33ED4}"
EndProject
Project("{FAE04EC0-301F-11D3-BF4B-00C04F79EFBC}") = "SingleInstance_WindowsFormsApplication1", "SingleInstance_WindowsFormsApplication1\SingleInstance_WindowsFormsApplication1.csproj", "{95DCC214-B6E7-4B4A-98E2-2A972E5708ED}"
EndProject
Global
	GlobalSection(SolutionConfigurationPlatforms) = preSolution
		Debug|Any CPU = Debug|Any CPU
		Release|Any CPU = Release|Any CPU
	EndGlobalSection
	GlobalSection(ProjectConfigurationPlatforms) = postSolution
		{52DC83C4-8938-4643-8608-5B27093A14D9}.Debug|Any CPU.ActiveCfg = Debug|Any CPU
		{52DC83C4-8938-4643-8608-5B27093A14D9}.Debug|Any CPU.Build.0 = Debug|Any CPU
		{52DC83C4-8938-4643-8608-5B27093A14D9}.Release|Any CPU.ActiveCfg = Release|Any CPU
		{52DC83C4-8938-4643-8608-5B27093A14D9}.Release|Any CPU.Build.0 = Release|Any CPU
		{5973A22F-E3E2-41CD-90C2-5BEBA8B33ED4}.Debug|Any CPU.ActiveCfg = Debug|Any CPU
		{5973A22F-E3E2-41CD-90C2-5BEBA8B33ED4}.Debug|Any CPU.Build.0 = Debug|Any CPU
		{5973A22F-E3E2-41CD-90C2-5BEBA8B33ED4}.Release|Any CPU.ActiveCfg = Release|Any CPU
		{5973A22F-E3E2-41CD-90C2-5BEBA8B33ED4}.Release|Any CPU.Build.0 = Release|Any CPU
		{95DCC214-B6E7-4B4A-98E2-2A972E5708ED}.Debug|Any CPU.ActiveCfg = Debug|Any CPU
		{95DCC214-B6E7-4B4A-98E2-2A972E5708ED}.Debug|Any CPU.Build.0 = Debug|Any CPU
		{95DCC214-B6E7-4B4A-98E2-2A972E5708ED}.Release|Any CPU.ActiveCfg = Release|Any CPU
		{95DCC214-B6E7-4B4A-98E2-2A972E5708ED}.Release|Any CPU.Build.0 = Release|Any CPU
	EndGlobalSection
	GlobalSection(SolutionProperties) = preSolution
		HideSolutionNode = FALSE
	EndGlobalSection
EndGlobal
